schema: '2.0'
stages:
  data_ingestion:
    cmd: python src/DeepClassifier/pipeline/stage_01_data_ingestion.py
    deps:
    - path: configs/config.yaml
      md5: ec5529e17201ee6a2b93c7691e0abf7f
      size: 805
    - path: src/DeepClassifier/pipeline/stage_01_data_ingestion.py
      md5: 002f272d70508fbdd611edf1c74469b2
      size: 735
    outs:
    - path: artifacts/data_ingestion/PetImages
      md5: 3a5cf86541f22c236620ce5b952ad684.dir
      size: 848866410
      nfiles: 24998
  prepare_base_model:
    cmd: python src/DeepClassifier/pipeline/stage_02_prepare_base_model.py
    deps:
    - path: configs/config.yaml
      md5: ec5529e17201ee6a2b93c7691e0abf7f
      size: 805
    - path: src/DeepClassifier/pipeline/stage_02_prepare_base_model.py
      md5: 5856a1fba921ebd12cbe738e6421b700
      size: 837
    params:
      params.yaml:
        CLASSES: 2
        IMAGE_SIZE:
        - 224
        - 224
        - 3
        INCLUDE_TOP: false
        LEARNING_RATE: 0.01
        WEIGHTS: imagenet
    outs:
    - path: artifacts/prepare_base_model
      md5: cf2e523bb1d97957f5e834240ee1c5fb.dir
      size: 118054512
      nfiles: 2
  training:
    cmd: python src/DeepClassifier/pipeline/stage_03_training.py
    deps:
    - path: artifacts/data_ingestion/PetImages
      md5: 3a5cf86541f22c236620ce5b952ad684.dir
      size: 848866410
      nfiles: 24998
    - path: artifacts/prepare_base_model
      md5: cf2e523bb1d97957f5e834240ee1c5fb.dir
      size: 118054512
      nfiles: 2
    - path: configs/config.yaml
      md5: ec5529e17201ee6a2b93c7691e0abf7f
      size: 805
    - path: src/DeepClassifier/components/prepare_callbacks.py
      md5: 34f56dddf9fd1ea47998111687464334
      size: 839
    - path: src/DeepClassifier/pipeline/stage_03_training.py
      md5: a0dce958979580734616f0ef1c7b9ea9
      size: 1010
    params:
      params.yaml:
        AUGMENTATION: true
        BATCH_SIZE: 16
        EPOCHS: 1
        IMAGE_SIZE:
        - 224
        - 224
        - 3
    outs:
    - path: artifacts/training/model.h5
      md5: 88c9f438d2d7e5a9ca0092fbae62ec07
      size: 59337488
  evaluation:
    cmd: python src/DeepClassifier/pipeline/stage_04_evaluation.py
    deps:
    - path: artifacts/data_ingestion/PetImages
      md5: 3a5cf86541f22c236620ce5b952ad684.dir
      size: 848866410
      nfiles: 24998
    - path: artifacts/prepare_base_model
      md5: cf2e523bb1d97957f5e834240ee1c5fb.dir
      size: 118054512
      nfiles: 2
    - path: configs/config.yaml
      md5: ec5529e17201ee6a2b93c7691e0abf7f
      size: 805
    - path: src/DeepClassifier/pipeline/stage_04_evaluation.py
      md5: 6aa0f70ff732063bccdb142b7e394dbb
      size: 723
    params:
      params.yaml:
        BATCH_SIZE: 16
        IMAGE_SIZE:
        - 224
        - 224
        - 3
    outs:
    - path: scores.json
      md5: e836a62c8646cd7499f922552efce763
      size: 70
